
Microsoft Visual Studio Solution File, Format Version 12.00
# Visual Studio Version 17
VisualStudioVersion = 17.11.35327.3
MinimumVisualStudioVersion = 10.0.40219.1
Project("{FAE04EC0-301F-11D3-BF4B-00C04F79EFBC}") = "TestTask.WebApi", "TestTask.WebApi.csproj", "{23CB689C-4A24-492B-9153-9046589817F5}"
EndProject
Project("{FAE04EC0-301F-11D3-BF4B-00C04F79EFBC}") = "TestTask.Tests", "..\TestTask.Tests\TestTask.Tests.csproj", "{EC20D185-1272-4C1A-991E-910D6F30DEE5}"
EndProject
Global
	GlobalSection(SolutionConfigurationPlatforms) = preSolution
		Debug|Any CPU = Debug|Any CPU
		Release|Any CPU = Release|Any CPU
	EndGlobalSection
	GlobalSection(ProjectConfigurationPlatforms) = postSolution
		{23CB689C-4A24-492B-9153-9046589817F5}.Debug|Any CPU.ActiveCfg = Debug|Any CPU
		{23CB689C-4A24-492B-9153-9046589817F5}.Debug|Any CPU.Build.0 = Debug|Any CPU
		{23CB689C-4A24-492B-9153-9046589817F5}.Release|Any CPU.ActiveCfg = Release|Any CPU
		{23CB689C-4A24-492B-9153-9046589817F5}.Release|Any CPU.Build.0 = Release|Any CPU
		{EC20D185-1272-4C1A-991E-910D6F30DEE5}.Debug|Any CPU.ActiveCfg = Debug|Any CPU
		{EC20D185-1272-4C1A-991E-910D6F30DEE5}.Debug|Any CPU.Build.0 = Debug|Any CPU
		{EC20D185-1272-4C1A-991E-910D6F30DEE5}.Release|Any CPU.ActiveCfg = Release|Any CPU
		{EC20D185-1272-4C1A-991E-910D6F30DEE5}.Release|Any CPU.Build.0 = Release|Any CPU
	EndGlobalSection
	GlobalSection(SolutionProperties) = preSolution
		HideSolutionNode = FALSE
	EndGlobalSection
	GlobalSection(ExtensibilityGlobals) = postSolution
		SolutionGuid = {BF817F0B-422E-4326-B438-553837E7B38A}
	EndGlobalSection
EndGlobal
